
Microsoft Visual Studio Solution File, Format Version 12.00
# Visual Studio Version 17
VisualStudioVersion = 17.3.32922.545
MinimumVisualStudioVersion = 10.0.40219.1
Project("{FAE04EC0-301F-11D3-BF4B-00C04F79EFBC}") = "AbbyProject", "AbbyProject\AbbyProject.csproj", "{9618DCFE-12A6-48D3-AB83-51B3662EA1AA}"
EndProject
Global
	GlobalSection(SolutionConfigurationPlatforms) = preSolution
		Debug|Any CPU = Debug|Any CPU
		Release|Any CPU = Release|Any CPU
	EndGlobalSection
	GlobalSection(ProjectConfigurationPlatforms) = postSolution
		{9618DCFE-12A6-48D3-AB83-51B3662EA1AA}.Debug|Any CPU.ActiveCfg = Debug|Any CPU
		{9618DCFE-12A6-48D3-AB83-51B3662EA1AA}.Debug|Any CPU.Build.0 = Debug|Any CPU
		{9618DCFE-12A6-48D3-AB83-51B3662EA1AA}.Release|Any CPU.ActiveCfg = Release|Any CPU
		{9618DCFE-12A6-48D3-AB83-51B3662EA1AA}.Release|Any CPU.Build.0 = Release|Any CPU
	EndGlobalSection
	GlobalSection(SolutionProperties) = preSolution
		HideSolutionNode = FALSE
	EndGlobalSection
	GlobalSection(ExtensibilityGlobals) = postSolution
		SolutionGuid = {B737FA27-F963-4675-A0E6-2A24BCB28981}
	EndGlobalSection
EndGlobal
